
Microsoft Visual Studio Solution File, Format Version 12.00
# Visual Studio Version 16
VisualStudioVersion = 16.0.29503.13
MinimumVisualStudioVersion = 10.0.40219.1
Project("{FAE04EC0-301F-11D3-BF4B-00C04F79EFBC}") = "ASP.NETGames", "ASP.NETGames\ASP.NETGames.csproj", "{53E71EC8-6EB4-41F2-AEEC-572DFF18839D}"
EndProject
Global
	GlobalSection(SolutionConfigurationPlatforms) = preSolution
		Debug|Any CPU = Debug|Any CPU
		Release|Any CPU = Release|Any CPU
	EndGlobalSection
	GlobalSection(ProjectConfigurationPlatforms) = postSolution
		{53E71EC8-6EB4-41F2-AEEC-572DFF18839D}.Debug|Any CPU.ActiveCfg = Debug|Any CPU
		{53E71EC8-6EB4-41F2-AEEC-572DFF18839D}.Debug|Any CPU.Build.0 = Debug|Any CPU
		{53E71EC8-6EB4-41F2-AEEC-572DFF18839D}.Release|Any CPU.ActiveCfg = Release|Any CPU
		{53E71EC8-6EB4-41F2-AEEC-572DFF18839D}.Release|Any CPU.Build.0 = Release|Any CPU
	EndGlobalSection
	GlobalSection(SolutionProperties) = preSolution
		HideSolutionNode = FALSE
	EndGlobalSection
	GlobalSection(ExtensibilityGlobals) = postSolution
		SolutionGuid = {EF6C6016-E583-497B-90B0-C3BE90CDBECE}
	EndGlobalSection
EndGlobal
